
Microsoft Visual Studio Solution File, Format Version 12.00
# Visual Studio Version 17
VisualStudioVersion = 17.0.31903.59
MinimumVisualStudioVersion = 10.0.40219.1
Project("{FAE04EC0-301F-11D3-BF4B-00C04F79EFBC}") = "IsBlittableGenerator", "IsBlittableGenerator\IsBlittableGenerator.csproj", "{32EEA11A-0EE0-EFAB-73F2-AE945C8703C3}"
EndProject
Global
	GlobalSection(SolutionConfigurationPlatforms) = preSolution
		Debug|Any CPU = Debug|Any CPU
		Release|Any CPU = Release|Any CPU
	EndGlobalSection
	GlobalSection(ProjectConfigurationPlatforms) = postSolution
		{32EEA11A-0EE0-EFAB-73F2-AE945C8703C3}.Debug|Any CPU.ActiveCfg = Debug|Any CPU
		{32EEA11A-0EE0-EFAB-73F2-AE945C8703C3}.Debug|Any CPU.Build.0 = Debug|Any CPU
		{32EEA11A-0EE0-EFAB-73F2-AE945C8703C3}.Release|Any CPU.ActiveCfg = Release|Any CPU
		{32EEA11A-0EE0-EFAB-73F2-AE945C8703C3}.Release|Any CPU.Build.0 = Release|Any CPU
	EndGlobalSection
	GlobalSection(SolutionProperties) = preSolution
		HideSolutionNode = FALSE
	EndGlobalSection
	GlobalSection(ExtensibilityGlobals) = postSolution
		SolutionGuid = {1FB3B86E-FCFA-43EA-BE32-8924E798DBEF}
	EndGlobalSection
EndGlobal
